
Microsoft Visual Studio Solution File, Format Version 12.00
# Visual Studio Version 17
VisualStudioVersion = 17.9.34728.123
MinimumVisualStudioVersion = 10.0.40219.1
Project("{9A19103F-16F7-4668-BE54-9A1E7A4F7556}") = "working", "working\working.csproj", "{56D3D2CA-6F84-43F8-BBC9-A13AA414B286}"
EndProject
Project("{9A19103F-16F7-4668-BE54-9A1E7A4F7556}") = "asbdjasd", "asbdjasd\asbdjasd.csproj", "{28714ED5-0B1E-4895-B98B-13F67ABCFD37}"
EndProject
Project("{9A19103F-16F7-4668-BE54-9A1E7A4F7556}") = "Extension Task", "Extension Task\Extension Task.csproj", "{4CEF0616-379A-4D72-B053-07B86BAC0E57}"
EndProject
Project("{9A19103F-16F7-4668-BE54-9A1E7A4F7556}") = "account task", "account task\account task.csproj", "{51B0C212-B36D-4896-95AC-019FC92D8905}"
EndProject
Project("{9A19103F-16F7-4668-BE54-9A1E7A4F7556}") = "lab task", "lab task\lab task.csproj", "{F13B818B-5EA7-4E7F-A572-2979C1FB1D30}"
EndProject
Project("{9A19103F-16F7-4668-BE54-9A1E7A4F7556}") = "StudentTaskLab", "StudentTaskLab\StudentTaskLab.csproj", "{D1B9A60F-D8EF-4D02-8C10-24225541F328}"
EndProject
Project("{9A19103F-16F7-4668-BE54-9A1E7A4F7556}") = "20-06 lab", "20-06 lab\20-06 lab.csproj", "{2AA24917-F1D2-4587-9E74-05EBA93A9814}"
EndProject
Project("{9A19103F-16F7-4668-BE54-9A1E7A4F7556}") = "task2 20-06", "task2 20-06\task2 20-06.csproj", "{4D3A6772-0780-4BBC-B76A-C7A609BC0AE3}"
EndProject
Project("{9A19103F-16F7-4668-BE54-9A1E7A4F7556}") = "25-06", "24-06\25-06.csproj", "{695EBF97-A868-4857-B823-967CA6C8D830}"
EndProject
Project("{9A19103F-16F7-4668-BE54-9A1E7A4F7556}") = "25-06 task 2", "25-06 task 2\25-06 task 2.csproj", "{BEA8D902-25F6-4A3A-AB3B-DF19004854D1}"
EndProject
Project("{9A19103F-16F7-4668-BE54-9A1E7A4F7556}") = "LAB task 27-06", "LAB task 27-06\LAB task 27-06.csproj", "{B16F108F-6CA5-435E-9E4F-7151C629298D}"
EndProject
Project("{9A19103F-16F7-4668-BE54-9A1E7A4F7556}") = "mirta task", "mirta task\mirta task.csproj", "{8F227B15-C737-42C5-A47D-264DCDC8D1C7}"
EndProject
Project("{FAE04EC0-301F-11D3-BF4B-00C04F79EFBC}") = "task 1 lab 27-06", "task 1 lab 27-06\task 1 lab 27-06.csproj", "{8D2DA188-F4C3-42D5-B73B-811D04518B79}"
EndProject
Project("{FAE04EC0-301F-11D3-BF4B-00C04F79EFBC}") = "God Mode hw", "God Mode hw\God Mode hw.csproj", "{572BD7A9-DF5C-4DBA-BC6D-DCC6C36A501A}"
EndProject
Global
	GlobalSection(SolutionConfigurationPlatforms) = preSolution
		Debug|Any CPU = Debug|Any CPU
		Release|Any CPU = Release|Any CPU
	EndGlobalSection
	GlobalSection(ProjectConfigurationPlatforms) = postSolution
		{56D3D2CA-6F84-43F8-BBC9-A13AA414B286}.Debug|Any CPU.ActiveCfg = Debug|Any CPU
		{56D3D2CA-6F84-43F8-BBC9-A13AA414B286}.Debug|Any CPU.Build.0 = Debug|Any CPU
		{56D3D2CA-6F84-43F8-BBC9-A13AA414B286}.Release|Any CPU.ActiveCfg = Release|Any CPU
		{56D3D2CA-6F84-43F8-BBC9-A13AA414B286}.Release|Any CPU.Build.0 = Release|Any CPU
		{28714ED5-0B1E-4895-B98B-13F67ABCFD37}.Debug|Any CPU.ActiveCfg = Debug|Any CPU
		{28714ED5-0B1E-4895-B98B-13F67ABCFD37}.Debug|Any CPU.Build.0 = Debug|Any CPU
		{28714ED5-0B1E-4895-B98B-13F67ABCFD37}.Release|Any CPU.ActiveCfg = Release|Any CPU
		{28714ED5-0B1E-4895-B98B-13F67ABCFD37}.Release|Any CPU.Build.0 = Release|Any CPU
		{4CEF0616-379A-4D72-B053-07B86BAC0E57}.Debug|Any CPU.ActiveCfg = Debug|Any CPU
		{4CEF0616-379A-4D72-B053-07B86BAC0E57}.Debug|Any CPU.Build.0 = Debug|Any CPU
		{4CEF0616-379A-4D72-B053-07B86BAC0E57}.Release|Any CPU.ActiveCfg = Release|Any CPU
		{4CEF0616-379A-4D72-B053-07B86BAC0E57}.Release|Any CPU.Build.0 = Release|Any CPU
		{51B0C212-B36D-4896-95AC-019FC92D8905}.Debug|Any CPU.ActiveCfg = Debug|Any CPU
		{51B0C212-B36D-4896-95AC-019FC92D8905}.Debug|Any CPU.Build.0 = Debug|Any CPU
		{51B0C212-B36D-4896-95AC-019FC92D8905}.Release|Any CPU.ActiveCfg = Release|Any CPU
		{51B0C212-B36D-4896-95AC-019FC92D8905}.Release|Any CPU.Build.0 = Release|Any CPU
		{F13B818B-5EA7-4E7F-A572-2979C1FB1D30}.Debug|Any CPU.ActiveCfg = Debug|Any CPU
		{F13B818B-5EA7-4E7F-A572-2979C1FB1D30}.Debug|Any CPU.Build.0 = Debug|Any CPU
		{F13B818B-5EA7-4E7F-A572-2979C1FB1D30}.Release|Any CPU.ActiveCfg = Release|Any CPU
		{F13B818B-5EA7-4E7F-A572-2979C1FB1D30}.Release|Any CPU.Build.0 = Release|Any CPU
		{D1B9A60F-D8EF-4D02-8C10-24225541F328}.Debug|Any CPU.ActiveCfg = Debug|Any CPU
		{D1B9A60F-D8EF-4D02-8C10-24225541F328}.Debug|Any CPU.Build.0 = Debug|Any CPU
		{D1B9A60F-D8EF-4D02-8C10-24225541F328}.Release|Any CPU.ActiveCfg = Release|Any CPU
		{D1B9A60F-D8EF-4D02-8C10-24225541F328}.Release|Any CPU.Build.0 = Release|Any CPU
		{2AA24917-F1D2-4587-9E74-05EBA93A9814}.Debug|Any CPU.ActiveCfg = Debug|Any CPU
		{2AA24917-F1D2-4587-9E74-05EBA93A9814}.Debug|Any CPU.Build.0 = Debug|Any CPU
		{2AA24917-F1D2-4587-9E74-05EBA93A9814}.Release|Any CPU.ActiveCfg = Release|Any CPU
		{2AA24917-F1D2-4587-9E74-05EBA93A9814}.Release|Any CPU.Build.0 = Release|Any CPU
		{4D3A6772-0780-4BBC-B76A-C7A609BC0AE3}.Debug|Any CPU.ActiveCfg = Debug|Any CPU
		{4D3A6772-0780-4BBC-B76A-C7A609BC0AE3}.Debug|Any CPU.Build.0 = Debug|Any CPU
		{4D3A6772-0780-4BBC-B76A-C7A609BC0AE3}.Release|Any CPU.ActiveCfg = Release|Any CPU
		{4D3A6772-0780-4BBC-B76A-C7A609BC0AE3}.Release|Any CPU.Build.0 = Release|Any CPU
		{695EBF97-A868-4857-B823-967CA6C8D830}.Debug|Any CPU.ActiveCfg = Debug|Any CPU
		{695EBF97-A868-4857-B823-967CA6C8D830}.Debug|Any CPU.Build.0 = Debug|Any CPU
		{695EBF97-A868-4857-B823-967CA6C8D830}.Release|Any CPU.ActiveCfg = Release|Any CPU
		{695EBF97-A868-4857-B823-967CA6C8D830}.Release|Any CPU.Build.0 = Release|Any CPU
		{BEA8D902-25F6-4A3A-AB3B-DF19004854D1}.Debug|Any CPU.ActiveCfg = Debug|Any CPU
		{BEA8D902-25F6-4A3A-AB3B-DF19004854D1}.Debug|Any CPU.Build.0 = Debug|Any CPU
		{BEA8D902-25F6-4A3A-AB3B-DF19004854D1}.Release|Any CPU.ActiveCfg = Release|Any CPU
		{BEA8D902-25F6-4A3A-AB3B-DF19004854D1}.Release|Any CPU.Build.0 = Release|Any CPU
		{B16F108F-6CA5-435E-9E4F-7151C629298D}.Debug|Any CPU.ActiveCfg = Debug|Any CPU
		{B16F108F-6CA5-435E-9E4F-7151C629298D}.Debug|Any CPU.Build.0 = Debug|Any CPU
		{B16F108F-6CA5-435E-9E4F-7151C629298D}.Release|Any CPU.ActiveCfg = Release|Any CPU
		{B16F108F-6CA5-435E-9E4F-7151C629298D}.Release|Any CPU.Build.0 = Release|Any CPU
		{8F227B15-C737-42C5-A47D-264DCDC8D1C7}.Debug|Any CPU.ActiveCfg = Debug|Any CPU
		{8F227B15-C737-42C5-A47D-264DCDC8D1C7}.Debug|Any CPU.Build.0 = Debug|Any CPU
		{8F227B15-C737-42C5-A47D-264DCDC8D1C7}.Release|Any CPU.ActiveCfg = Release|Any CPU
		{8F227B15-C737-42C5-A47D-264DCDC8D1C7}.Release|Any CPU.Build.0 = Release|Any CPU
		{8D2DA188-F4C3-42D5-B73B-811D04518B79}.Debug|Any CPU.ActiveCfg = Debug|Any CPU
		{8D2DA188-F4C3-42D5-B73B-811D04518B79}.Debug|Any CPU.Build.0 = Debug|Any CPU
		{8D2DA188-F4C3-42D5-B73B-811D04518B79}.Release|Any CPU.ActiveCfg = Release|Any CPU
		{8D2DA188-F4C3-42D5-B73B-811D04518B79}.Release|Any CPU.Build.0 = Release|Any CPU
		{572BD7A9-DF5C-4DBA-BC6D-DCC6C36A501A}.Debug|Any CPU.ActiveCfg = Debug|Any CPU
		{572BD7A9-DF5C-4DBA-BC6D-DCC6C36A501A}.Debug|Any CPU.Build.0 = Debug|Any CPU
		{572BD7A9-DF5C-4DBA-BC6D-DCC6C36A501A}.Release|Any CPU.ActiveCfg = Release|Any CPU
		{572BD7A9-DF5C-4DBA-BC6D-DCC6C36A501A}.Release|Any CPU.Build.0 = Release|Any CPU
	EndGlobalSection
	GlobalSection(SolutionProperties) = preSolution
		HideSolutionNode = FALSE
	EndGlobalSection
	GlobalSection(ExtensibilityGlobals) = postSolution
		SolutionGuid = {677925DF-ADFE-468F-9809-CE62A3798AB6}
	EndGlobalSection
EndGlobal
