
Microsoft Visual Studio Solution File, Format Version 12.00
# Visual Studio Version 17
VisualStudioVersion = 17.9.34728.123
MinimumVisualStudioVersion = 10.0.40219.1
Project("{9A19103F-16F7-4668-BE54-9A1E7A4F7556}") = "working", "working\working.csproj", "{56D3D2CA-6F84-43F8-BBC9-A13AA414B286}"
EndProject
Project("{FAE04EC0-301F-11D3-BF4B-00C04F79EFBC}") = "asbdjasd", "asbdjasd\asbdjasd.csproj", "{28714ED5-0B1E-4895-B98B-13F67ABCFD37}"
EndProject
Global
	GlobalSection(SolutionConfigurationPlatforms) = preSolution
		Debug|Any CPU = Debug|Any CPU
		Release|Any CPU = Release|Any CPU
	EndGlobalSection
	GlobalSection(ProjectConfigurationPlatforms) = postSolution
		{56D3D2CA-6F84-43F8-BBC9-A13AA414B286}.Debug|Any CPU.ActiveCfg = Debug|Any CPU
		{56D3D2CA-6F84-43F8-BBC9-A13AA414B286}.Debug|Any CPU.Build.0 = Debug|Any CPU
		{56D3D2CA-6F84-43F8-BBC9-A13AA414B286}.Release|Any CPU.ActiveCfg = Release|Any CPU
		{56D3D2CA-6F84-43F8-BBC9-A13AA414B286}.Release|Any CPU.Build.0 = Release|Any CPU
		{28714ED5-0B1E-4895-B98B-13F67ABCFD37}.Debug|Any CPU.ActiveCfg = Debug|Any CPU
		{28714ED5-0B1E-4895-B98B-13F67ABCFD37}.Debug|Any CPU.Build.0 = Debug|Any CPU
		{28714ED5-0B1E-4895-B98B-13F67ABCFD37}.Release|Any CPU.ActiveCfg = Release|Any CPU
		{28714ED5-0B1E-4895-B98B-13F67ABCFD37}.Release|Any CPU.Build.0 = Release|Any CPU
	EndGlobalSection
	GlobalSection(SolutionProperties) = preSolution
		HideSolutionNode = FALSE
	EndGlobalSection
	GlobalSection(ExtensibilityGlobals) = postSolution
		SolutionGuid = {677925DF-ADFE-468F-9809-CE62A3798AB6}
	EndGlobalSection
EndGlobal
